// !$*UTF8*$!
{
	archiveVersion = 1;
	classes = {
	};
	objectVersion = 50;
	objects = {

/* Begin PBXBuildFile section */
		1221CD0620E398B5001D8579 /* SubjectModel.swift in Sources */ = {isa = PBXBuildFile; fileRef = 1221CD0520E398B5001D8579 /* SubjectModel.swift */; };
		12D6FA8A20E25EFC007ADCB9 /* AppDelegate.swift in Sources */ = {isa = PBXBuildFile; fileRef = 12D6FA8920E25EFC007ADCB9 /* AppDelegate.swift */; };
		12D6FA8C20E25EFC007ADCB9 /* MainViewController.swift in Sources */ = {isa = PBXBuildFile; fileRef = 12D6FA8B20E25EFC007ADCB9 /* MainViewController.swift */; };
		12D6FA8F20E25EFC007ADCB9 /* Main.storyboard in Resources */ = {isa = PBXBuildFile; fileRef = 12D6FA8D20E25EFC007ADCB9 /* Main.storyboard */; };
		12D6FA9220E25EFC007ADCB9 /* samplecoredata.xcdatamodeld in Sources */ = {isa = PBXBuildFile; fileRef = 12D6FA9020E25EFC007ADCB9 /* samplecoredata.xcdatamodeld */; };
		12D6FA9420E25F02007ADCB9 /* Assets.xcassets in Resources */ = {isa = PBXBuildFile; fileRef = 12D6FA9320E25F02007ADCB9 /* Assets.xcassets */; };
		12D6FA9720E25F02007ADCB9 /* LaunchScreen.storyboard in Resources */ = {isa = PBXBuildFile; fileRef = 12D6FA9520E25F02007ADCB9 /* LaunchScreen.storyboard */; };
		12D6FA9F20E27957007ADCB9 /* AddStudentViewController.swift in Sources */ = {isa = PBXBuildFile; fileRef = 12D6FA9E20E27957007ADCB9 /* AddStudentViewController.swift */; };
		12D6FAA120E34EEA007ADCB9 /* PersistanceService.swift in Sources */ = {isa = PBXBuildFile; fileRef = 12D6FAA020E34EEA007ADCB9 /* PersistanceService.swift */; };
		12D6FAC120E35957007ADCB9 /* MarkListViewController.swift in Sources */ = {isa = PBXBuildFile; fileRef = 12D6FAC020E35957007ADCB9 /* MarkListViewController.swift */; };
		12D6FAE520E3887A007ADCB9 /* AddMarksViewController.swift in Sources */ = {isa = PBXBuildFile; fileRef = 12D6FAE420E3887A007ADCB9 /* AddMarksViewController.swift */; };
/* End PBXBuildFile section */

/* Begin PBXFileReference section */
		1221CD0520E398B5001D8579 /* SubjectModel.swift */ = {isa = PBXFileReference; lastKnownFileType = sourcecode.swift; path = SubjectModel.swift; sourceTree = "<group>"; };
		12D6FA8620E25EFC007ADCB9 /* samplecoredata.app */ = {isa = PBXFileReference; explicitFileType = wrapper.application; includeInIndex = 0; path = samplecoredata.app; sourceTree = BUILT_PRODUCTS_DIR; };
		12D6FA8920E25EFC007ADCB9 /* AppDelegate.swift */ = {isa = PBXFileReference; lastKnownFileType = sourcecode.swift; path = AppDelegate.swift; sourceTree = "<group>"; };
		12D6FA8B20E25EFC007ADCB9 /* MainViewController.swift */ = {isa = PBXFileReference; lastKnownFileType = sourcecode.swift; path = MainViewController.swift; sourceTree = "<group>"; };
		12D6FA8E20E25EFC007ADCB9 /* Base */ = {isa = PBXFileReference; lastKnownFileType = file.storyboard; name = Base; path = Base.lproj/Main.storyboard; sourceTree = "<group>"; };
		12D6FA9120E25EFC007ADCB9 /* samplecoredata.xcdatamodel */ = {isa = PBXFileReference; lastKnownFileType = wrapper.xcdatamodel; path = samplecoredata.xcdatamodel; sourceTree = "<group>"; };
		12D6FA9320E25F02007ADCB9 /* Assets.xcassets */ = {isa = PBXFileReference; lastKnownFileType = folder.assetcatalog; path = Assets.xcassets; sourceTree = "<group>"; };
		12D6FA9620E25F02007ADCB9 /* Base */ = {isa = PBXFileReference; lastKnownFileType = file.storyboard; name = Base; path = Base.lproj/LaunchScreen.storyboard; sourceTree = "<group>"; };
		12D6FA9820E25F02007ADCB9 /* Info.plist */ = {isa = PBXFileReference; lastKnownFileType = text.plist.xml; path = Info.plist; sourceTree = "<group>"; };
		12D6FA9E20E27957007ADCB9 /* AddStudentViewController.swift */ = {isa = PBXFileReference; lastKnownFileType = sourcecode.swift; path = AddStudentViewController.swift; sourceTree = "<group>"; };
		12D6FAA020E34EEA007ADCB9 /* PersistanceService.swift */ = {isa = PBXFileReference; lastKnownFileType = sourcecode.swift; path = PersistanceService.swift; sourceTree = "<group>"; };
		12D6FAC020E35957007ADCB9 /* MarkListViewController.swift */ = {isa = PBXFileReference; lastKnownFileType = sourcecode.swift; path = MarkListViewController.swift; sourceTree = "<group>"; };
		12D6FAE420E3887A007ADCB9 /* AddMarksViewController.swift */ = {isa = PBXFileReference; lastKnownFileType = sourcecode.swift; path = AddMarksViewController.swift; sourceTree = "<group>"; };
/* End PBXFileReference section */

/* Begin PBXFrameworksBuildPhase section */
		12D6FA8320E25EFC007ADCB9 /* Frameworks */ = {
			isa = PBXFrameworksBuildPhase;
			buildActionMask = 2147483647;
			files = (
			);
			runOnlyForDeploymentPostprocessing = 0;
		};
/* End PBXFrameworksBuildPhase section */

/* Begin PBXGroup section */
		12D6FA7D20E25EFB007ADCB9 = {
			isa = PBXGroup;
			children = (
				12D6FA8820E25EFC007ADCB9 /* samplecoredata */,
				12D6FA8720E25EFC007ADCB9 /* Products */,
			);
			sourceTree = "<group>";
		};
		12D6FA8720E25EFC007ADCB9 /* Products */ = {
			isa = PBXGroup;
			children = (
				12D6FA8620E25EFC007ADCB9 /* samplecoredata.app */,
			);
			name = Products;
			sourceTree = "<group>";
		};
		12D6FA8820E25EFC007ADCB9 /* samplecoredata */ = {
			isa = PBXGroup;
			children = (
				12D6FAA020E34EEA007ADCB9 /* PersistanceService.swift */,
				12D6FA8920E25EFC007ADCB9 /* AppDelegate.swift */,
				12D6FA8D20E25EFC007ADCB9 /* Main.storyboard */,
				12D6FA9320E25F02007ADCB9 /* Assets.xcassets */,
				12D6FA9520E25F02007ADCB9 /* LaunchScreen.storyboard */,
				12D6FA9820E25F02007ADCB9 /* Info.plist */,
				12D6FA9020E25EFC007ADCB9 /* samplecoredata.xcdatamodeld */,
				12D6FA8B20E25EFC007ADCB9 /* MainViewController.swift */,
				12D6FA9E20E27957007ADCB9 /* AddStudentViewController.swift */,
				12D6FAC020E35957007ADCB9 /* MarkListViewController.swift */,
				12D6FAE420E3887A007ADCB9 /* AddMarksViewController.swift */,
				1221CD0520E398B5001D8579 /* SubjectModel.swift */,
			);
			path = samplecoredata;
			sourceTree = "<group>";
		};
/* End PBXGroup section */

/* Begin PBXNativeTarget section */
		12D6FA8520E25EFC007ADCB9 /* samplecoredata */ = {
			isa = PBXNativeTarget;
			buildConfigurationList = 12D6FA9B20E25F02007ADCB9 /* Build configuration list for PBXNativeTarget "samplecoredata" */;
			buildPhases = (
				12D6FA8220E25EFC007ADCB9 /* Sources */,
				12D6FA8320E25EFC007ADCB9 /* Frameworks */,
				12D6FA8420E25EFC007ADCB9 /* Resources */,
			);
			buildRules = (
			);
			dependencies = (
			);
			name = samplecoredata;
			productName = samplecoredata;
			productReference = 12D6FA8620E25EFC007ADCB9 /* samplecoredata.app */;
			productType = "com.apple.product-type.application";
		};
/* End PBXNativeTarget section */

/* Begin PBXProject section */
		12D6FA7E20E25EFB007ADCB9 /* Project object */ = {
			isa = PBXProject;
			attributes = {
				LastSwiftUpdateCheck = 0940;
				LastUpgradeCheck = 0940;
				ORGANIZATIONNAME = "Naico ITS";
				TargetAttributes = {
					12D6FA8520E25EFC007ADCB9 = {
						CreatedOnToolsVersion = 9.4.1;
					};
				};
			};
			buildConfigurationList = 12D6FA8120E25EFB007ADCB9 /* Build configuration list for PBXProject "samplecoredata" */;
			compatibilityVersion = "Xcode 9.3";
			developmentRegion = en;
			hasScannedForEncodings = 0;
			knownRegions = (
				en,
				Base,
			);
			mainGroup = 12D6FA7D20E25EFB007ADCB9;
			productRefGroup = 12D6FA8720E25EFC007ADCB9 /* Products */;
			projectDirPath = "";
			projectRoot = "";
			targets = (
				12D6FA8520E25EFC007ADCB9 /* samplecoredata */,
			);
		};
/* End PBXProject section */

/* Begin PBXResourcesBuildPhase section */
		12D6FA8420E25EFC007ADCB9 /* Resources */ = {
			isa = PBXResourcesBuildPhase;
			buildActionMask = 2147483647;
			files = (
				12D6FA9720E25F02007ADCB9 /* LaunchScreen.storyboard in Resources */,
				12D6FA9420E25F02007ADCB9 /* Assets.xcassets in Resources */,
				12D6FA8F20E25EFC007ADCB9 /* Main.storyboard in Resources */,
			);
			runOnlyForDeploymentPostprocessing = 0;
		};
/* End PBXResourcesBuildPhase section */

/* Begin PBXSourcesBuildPhase section */
		12D6FA8220E25EFC007ADCB9 /* Sources */ = {
			isa = PBXSourcesBuildPhase;
			buildActionMask = 2147483647;
			files = (
				12D6FA9F20E27957007ADCB9 /* AddStudentViewController.swift in Sources */,
				12D6FAC120E35957007ADCB9 /* MarkListViewController.swift in Sources */,
				12D6FA8C20E25EFC007ADCB9 /* MainViewController.swift in Sources */,
				12D6FA9220E25EFC007ADCB9 /* samplecoredata.xcdatamodeld in Sources */,
				12D6FA8A20E25EFC007ADCB9 /* AppDelegate.swift in Sources */,
				12D6FAE520E3887A007ADCB9 /* AddMarksViewController.swift in Sources */,
				1221CD0620E398B5001D8579 /* SubjectModel.swift in Sources */,
				12D6FAA120E34EEA007ADCB9 /* PersistanceService.swift in Sources */,
			);
			runOnlyForDeploymentPostprocessing = 0;
		};
/* End PBXSourcesBuildPhase section */

/* Begin PBXVariantGroup section */
		12D6FA8D20E25EFC007ADCB9 /* Main.storyboard */ = {
			isa = PBXVariantGroup;
			children = (
				12D6FA8E20E25EFC007ADCB9 /* Base */,
			);
			name = Main.storyboard;
			sourceTree = "<group>";
		};
		12D6FA9520E25F02007ADCB9 /* LaunchScreen.storyboard */ = {
			isa = PBXVariantGroup;
			children = (
				12D6FA9620E25F02007ADCB9 /* Base */,
			);
			name = LaunchScreen.storyboard;
			sourceTree = "<group>";
		};
/* End PBXVariantGroup section */

/* Begin XCBuildConfiguration section */
		12D6FA9920E25F02007ADCB9 /* Debug */ = {
			isa = XCBuildConfiguration;
			buildSettings = {
				ALWAYS_SEARCH_USER_PATHS = NO;
				CLANG_ANALYZER_NONNULL = YES;
				CLANG_ANALYZER_NUMBER_OBJECT_CONVERSION = YES_AGGRESSIVE;
				CLANG_CXX_LANGUAGE_STANDARD = "gnu++14";
				CLANG_CXX_LIBRARY = "libc++";
				CLANG_ENABLE_MODULES = YES;
				CLANG_ENABLE_OBJC_ARC = YES;
				CLANG_ENABLE_OBJC_WEAK = YES;
				CLANG_WARN_BLOCK_CAPTURE_AUTORELEASING = YES;
				CLANG_WARN_BOOL_CONVERSION = YES;
				CLANG_WARN_COMMA = YES;
				CLANG_WARN_CONSTANT_CONVERSION = YES;
				CLANG_WARN_DEPRECATED_OBJC_IMPLEMENTATIONS = YES;
				CLANG_WARN_DIRECT_OBJC_ISA_USAGE = YES_ERROR;
				CLANG_WARN_DOCUMENTATION_COMMENTS = YES;
				CLANG_WARN_EMPTY_BODY = YES;
				CLANG_WARN_ENUM_CONVERSION = YES;
				CLANG_WARN_INFINITE_RECURSION = YES;
				CLANG_WARN_INT_CONVERSION = YES;
				CLANG_WARN_NON_LITERAL_NULL_CONVERSION = YES;
				CLANG_WARN_OBJC_IMPLICIT_RETAIN_SELF = YES;
				CLANG_WARN_OBJC_LITERAL_CONVERSION = YES;
				CLANG_WARN_OBJC_ROOT_CLASS = YES_ERROR;
				CLANG_WARN_RANGE_LOOP_ANALYSIS = YES;
				CLANG_WARN_STRICT_PROTOTYPES = YES;
				CLANG_WARN_SUSPICIOUS_MOVE = YES;
				CLANG_WARN_UNGUARDED_AVAILABILITY = YES_AGGRESSIVE;
				CLANG_WARN_UNREACHABLE_CODE = YES;
				CLANG_WARN__DUPLICATE_METHOD_MATCH = YES;
				CODE_SIGN_IDENTITY = "iPhone Developer";
				COPY_PHASE_STRIP = NO;
				DEBUG_INFORMATION_FORMAT = dwarf;
				ENABLE_STRICT_OBJC_MSGSEND = YES;
				ENABLE_TESTABILITY = YES;
				GCC_C_LANGUAGE_STANDARD = gnu11;
				GCC_DYNAMIC_NO_PIC = NO;
				GCC_NO_COMMON_BLOCKS = YES;
				GCC_OPTIMIZATION_LEVEL = 0;
				GCC_PREPROCESSOR_DEFINITIONS = (
					"DEBUG=1",
					"$(inherited)",
				);
				GCC_WARN_64_TO_32_BIT_CONVERSION = YES;
				GCC_WARN_ABOUT_RETURN_TYPE = YES_ERROR;
				GCC_WARN_UNDECLARED_SELECTOR = YES;
				GCC_WARN_UNINITIALIZED_AUTOS = YES_AGGRESSIVE;
				GCC_WARN_UNUSED_FUNCTION = YES;
				GCC_WARN_UNUSED_VARIABLE = YES;
				IPHONEOS_DEPLOYMENT_TARGET = 11.4;
				MTL_ENABLE_DEBUG_INFO = YES;
				ONLY_ACTIVE_ARCH = YES;
				SDKROOT = iphoneos;
				SWIFT_ACTIVE_COMPILATION_CONDITIONS = DEBUG;
				SWIFT_OPTIMIZATION_LEVEL = "-Onone";
			};
			name = Debug;
		};
		12D6FA9A20E25F02007ADCB9 /* Release */ = {
			isa = XCBuildConfiguration;
			buildSettings = {
				ALWAYS_SEARCH_USER_PATHS = NO;
				CLANG_ANALYZER_NONNULL = YES;
				CLANG_ANALYZER_NUMBER_OBJECT_CONVERSION = YES_AGGRESSIVE;
				CLANG_CXX_LANGUAGE_STANDARD = "gnu++14";
				CLANG_CXX_LIBRARY = "libc++";
				CLANG_ENABLE_MODULES = YES;
				CLANG_ENABLE_OBJC_ARC = YES;
				CLANG_ENABLE_OBJC_WEAK = YES;
				CLANG_WARN_BLOCK_CAPTURE_AUTORELEASING = YES;
				CLANG_WARN_BOOL_CONVERSION = YES;
				CLANG_WARN_COMMA = YES;
				CLANG_WARN_CONSTANT_CONVERSION = YES;
				CLANG_WARN_DEPRECATED_OBJC_IMPLEMENTATIONS = YES;
				CLANG_WARN_DIRECT_OBJC_ISA_USAGE = YES_ERROR;
				CLANG_WARN_DOCUMENTATION_COMMENTS = YES;
				CLANG_WARN_EMPTY_BODY = YES;
				CLANG_WARN_ENUM_CONVERSION = YES;
				CLANG_WARN_INFINITE_RECURSION = YES;
				CLANG_WARN_INT_CONVERSION = YES;
				CLANG_WARN_NON_LITERAL_NULL_CONVERSION = YES;
				CLANG_WARN_OBJC_IMPLICIT_RETAIN_SELF = YES;
				CLANG_WARN_OBJC_LITERAL_CONVERSION = YES;
				CLANG_WARN_OBJC_ROOT_CLASS = YES_ERROR;
				CLANG_WARN_RANGE_LOOP_ANALYSIS = YES;
				CLANG_WARN_STRICT_PROTOTYPES = YES;
				CLANG_WARN_SUSPICIOUS_MOVE = YES;
				CLANG_WARN_UNGUARDED_AVAILABILITY = YES_AGGRESSIVE;
				CLANG_WARN_UNREACHABLE_CODE = YES;
				CLANG_WARN__DUPLICATE_METHOD_MATCH = YES;
				CODE_SIGN_IDENTITY = "iPhone Developer";
				COPY_PHASE_STRIP = NO;
				DEBUG_INFORMATION_FORMAT = "dwarf-with-dsym";
				ENABLE_NS_ASSERTIONS = NO;
				ENABLE_STRICT_OBJC_MSGSEND = YES;
				GCC_C_LANGUAGE_STANDARD = gnu11;
				GCC_NO_COMMON_BLOCKS = YES;
				GCC_WARN_64_TO_32_BIT_CONVERSION = YES;
				GCC_WARN_ABOUT_RETURN_TYPE = YES_ERROR;
				GCC_WARN_UNDECLARED_SELECTOR = YES;
				GCC_WARN_UNINITIALIZED_AUTOS = YES_AGGRESSIVE;
				GCC_WARN_UNUSED_FUNCTION = YES;
				GCC_WARN_UNUSED_VARIABLE = YES;
				IPHONEOS_DEPLOYMENT_TARGET = 11.4;
				MTL_ENABLE_DEBUG_INFO = NO;
				SDKROOT = iphoneos;
				SWIFT_COMPILATION_MODE = wholemodule;
				SWIFT_OPTIMIZATION_LEVEL = "-O";
				VALIDATE_PRODUCT = YES;
			};
			name = Release;
		};
		12D6FA9C20E25F02007ADCB9 /* Debug */ = {
			isa = XCBuildConfiguration;
			buildSettings = {
				ASSETCATALOG_COMPILER_APPICON_NAME = AppIcon;
				CODE_SIGN_STYLE = Automatic;
				DEVELOPMENT_TEAM = 7DET7S93P5;
				INFOPLIST_FILE = samplecoredata/Info.plist;
				LD_RUNPATH_SEARCH_PATHS = (
					"$(inherited)",
					"@executable_path/Frameworks",
				);
				PRODUCT_BUNDLE_IDENTIFIER = com.naicoits.samplecoredata;
				PRODUCT_NAME = "$(TARGET_NAME)";
				SWIFT_VERSION = 4.0;
				TARGETED_DEVICE_FAMILY = "1,2";
			};
			name = Debug;
		};
		12D6FA9D20E25F02007ADCB9 /* Release */ = {
			isa = XCBuildConfiguration;
			buildSettings = {
				ASSETCATALOG_COMPILER_APPICON_NAME = AppIcon;
				CODE_SIGN_STYLE = Automatic;
				DEVELOPMENT_TEAM = 7DET7S93P5;
				INFOPLIST_FILE = samplecoredata/Info.plist;
				LD_RUNPATH_SEARCH_PATHS = (
					"$(inherited)",
					"@executable_path/Frameworks",
				);
				PRODUCT_BUNDLE_IDENTIFIER = com.naicoits.samplecoredata;
				PRODUCT_NAME = "$(TARGET_NAME)";
				SWIFT_VERSION = 4.0;
				TARGETED_DEVICE_FAMILY = "1,2";
			};
			name = Release;
		};
/* End XCBuildConfiguration section */

/* Begin XCConfigurationList section */
		12D6FA8120E25EFB007ADCB9 /* Build configuration list for PBXProject "samplecoredata" */ = {
			isa = XCConfigurationList;
			buildConfigurations = (
				12D6FA9920E25F02007ADCB9 /* Debug */,
				12D6FA9A20E25F02007ADCB9 /* Release */,
			);
			defaultConfigurationIsVisible = 0;
			defaultConfigurationName = Release;
		};
		12D6FA9B20E25F02007ADCB9 /* Build configuration list for PBXNativeTarget "samplecoredata" */ = {
			isa = XCConfigurationList;
			buildConfigurations = (
				12D6FA9C20E25F02007ADCB9 /* Debug */,
				12D6FA9D20E25F02007ADCB9 /* Release */,
			);
			defaultConfigurationIsVisible = 0;
			defaultConfigurationName = Release;
		};
/* End XCConfigurationList section */

/* Begin XCVersionGroup section */
		12D6FA9020E25EFC007ADCB9 /* samplecoredata.xcdatamodeld */ = {
			isa = XCVersionGroup;
			children = (
				12D6FA9120E25EFC007ADCB9 /* samplecoredata.xcdatamodel */,
			);
			currentVersion = 12D6FA9120E25EFC007ADCB9 /* samplecoredata.xcdatamodel */;
			path = samplecoredata.xcdatamodeld;
			sourceTree = "<group>";
			versionGroupType = wrapper.xcdatamodel;
		};
/* End XCVersionGroup section */
	};
	rootObject = 12D6FA7E20E25EFB007ADCB9 /* Project object */;
}
